# THIS IS AN AUTOGENERATED FILE. DO NOT EDIT THIS FILE DIRECTLY.
# yarn lockfile v1


"impac-angular@git+https://git@github.com/maestrano/impac-angular.git#1.6":
  version "1.6.11"
  resolved "git+https://git@github.com/maestrano/impac-angular.git#5c37c7a5f0c2dc7c7ead8d9eb242b382bb1b8445"

"mno-enterprise-angular@https://github.com/adamaziz15/mno-enterprise-angular.git#feature/345-app-mgmt-requirements":
  version "2.0.0-dev"
  resolved "https://github.com/adamaziz15/mno-enterprise-angular.git#3684f0654f38078ad768fa6970e5868b8dc54cfb"

"mnoe-admin-panel@git+https://git@github.com/adamaziz15/mnoe-admin-panel.git#feature/345-app-mgmt-requirements":
  version "2.0.0-dev"
  resolved "git+https://git@github.com/adamaziz15/mnoe-admin-panel.git#6466086ec7f27f335edf1b5b17f5e3f58b2437a0"
