# THIS IS AN AUTOGENERATED FILE. DO NOT EDIT THIS FILE DIRECTLY.
# yarn lockfile v1


"impac-angular@git+https://git@github.com/maestrano/impac-angular.git#1.6":
  version "1.6.10"
  resolved "git+https://git@github.com/maestrano/impac-angular.git#79df9fca8bcf4b5b09ab2edb4b18c461c5700bd1"

"mno-enterprise-angular@https://github.com/maestrano/mno-enterprise-angular.git#2.0":
  version "2.0.0-dev"
  resolved "https://github.com/maestrano/mno-enterprise-angular.git#33559e6a0377875c16bb3df9ca1ec0ba4619867b"

"mnoe-admin-panel@https://github.com/RidaAhmad/mnoe-admin-panel.git#opalsup-299-unable-to-remove-clients":
  version "2.0.0-dev"
  resolved "https://github.com/RidaAhmad/mnoe-admin-panel.git#e21abeac874e7d674dc69c9944686e5726f0febb"
